
Microsoft Visual Studio Solution File, Format Version 12.00
# Visual Studio 14
VisualStudioVersion = 14.0.24720.0
MinimumVisualStudioVersion = 10.0.40219.1
Project("{FAE04EC0-301F-11D3-BF4B-00C04F79EFBC}") = "Lab1", "Lab1\Lab1.csproj", "{9CEC8BB2-F202-44A1-80BE-6D7A111BDD77}"
EndProject
Project("{FAE04EC0-301F-11D3-BF4B-00C04F79EFBC}") = "Lab2Lib", "Lab2Lib\Lab2Lib.csproj", "{45ABB292-54A6-4D27-875B-E2ABFE26291C}"
EndProject
Global
	GlobalSection(SolutionConfigurationPlatforms) = preSolution
		Debug|Any CPU = Debug|Any CPU
		Release|Any CPU = Release|Any CPU
	EndGlobalSection
	GlobalSection(ProjectConfigurationPlatforms) = postSolution
		{9CEC8BB2-F202-44A1-80BE-6D7A111BDD77}.Debug|Any CPU.ActiveCfg = Debug|Any CPU
		{9CEC8BB2-F202-44A1-80BE-6D7A111BDD77}.Debug|Any CPU.Build.0 = Debug|Any CPU
		{9CEC8BB2-F202-44A1-80BE-6D7A111BDD77}.Release|Any CPU.ActiveCfg = Release|Any CPU
		{9CEC8BB2-F202-44A1-80BE-6D7A111BDD77}.Release|Any CPU.Build.0 = Release|Any CPU
		{45ABB292-54A6-4D27-875B-E2ABFE26291C}.Debug|Any CPU.ActiveCfg = Debug|Any CPU
		{45ABB292-54A6-4D27-875B-E2ABFE26291C}.Debug|Any CPU.Build.0 = Debug|Any CPU
		{45ABB292-54A6-4D27-875B-E2ABFE26291C}.Release|Any CPU.ActiveCfg = Release|Any CPU
		{45ABB292-54A6-4D27-875B-E2ABFE26291C}.Release|Any CPU.Build.0 = Release|Any CPU
	EndGlobalSection
	GlobalSection(SolutionProperties) = preSolution
		HideSolutionNode = FALSE
	EndGlobalSection
EndGlobal
